{
  "name": "project",
  "version": "1.0.0",
  "lockfileVersion": 3,
  "requires": true,
  "packages": {
    "": {
      "name": "project",
      "version": "1.0.0",
      "license": "MIT",
      "dependencies": {
        "@tatumcom/js": "^1.4.4"
      }
    },
    "node_modules/@tatumcom/js": {
      "version": "1.4.4",
      "resolved": "https://registry.npmjs.org/@tatumcom/js/-/js-1.4.4.tgz",
      "integrity": "sha512-iiz53y9zzF7MzHrCSRPrXJfc0TzKYPS8U3PxJDt2nHRLh3eVwMSn9VJZcyM3ZaN4ysQdbHHbHZGoiv3tP+ILsg==",
      "license": "MIT",
      "dependencies": {
        "bignumber.js": "^9.1.1",
        "reflect-metadata": "^0.1.13",
        "typedi": "^0.10.0"
      },
      "engines": {
        "node": ">=18.0.0"
      }
    },
    "node_modules/bignumber.js": {
      "version": "9.1.1",
      "resolved": "https://registry.npmjs.org/bignumber.js/-/bignumber.js-9.1.1.tgz",
      "integrity": "sha512-pHm4LsMJ6lzgNGVfZHjMoO8sdoRhOzOH4MLmY65Jg70bpxCKu5iOHNJyfF6OyvYw7t8Fpf35RuzUyqnQsj8Vig==",
      "license": "MIT",
      "engines": {
        "node": "*"
      }
    },
    "node_modules/reflect-metadata": {
      "version": "0.1.13",
      "resolved": "https://registry.npmjs.org/reflect-metadata/-/reflect-metadata-0.1.13.tgz",
      "integrity": "sha512-Ts1Y/anZELhSsjMcU605fU9RE4Oi3p5ORujwbIKXfWa+0Zxs510Qrmrce5/Jowq3cHSZSJqBjypxmHarc+vEWg==",
      "license": "Apache-2.0"
    },
    "node_modules/typedi": {
      "version": "0.10.0",
      "resolved": "https://registry.npmjs.org/typedi/-/typedi-0.10.0.tgz",
      "integrity": "sha512-v3UJF8xm68BBj6AF4oQML3ikrfK2c9EmZUyLOfShpJuItAqVBHWP/KtpGinkSsIiP6EZyyb6Z3NXyW9dgS9X1w==",
      "license": "MIT"
    }
  }
}
